
Microsoft Visual Studio Solution File, Format Version 12.00
# Visual Studio 14
VisualStudioVersion = 14.0.25123.0
MinimumVisualStudioVersion = 10.0.40219.1
Project("{FAE04EC0-301F-11D3-BF4B-00C04F79EFBC}") = "YegeunsAwesomeBankAccountApp", "YegeunsAwesomeBankAccountApp\YegeunsAwesomeBankAccountApp.csproj", "{95E7FDC2-5530-4DF2-AADD-C6A4F68D897A}"
EndProject
Global
	GlobalSection(SolutionConfigurationPlatforms) = preSolution
		Debug|Any CPU = Debug|Any CPU
		Release|Any CPU = Release|Any CPU
	EndGlobalSection
	GlobalSection(ProjectConfigurationPlatforms) = postSolution
		{95E7FDC2-5530-4DF2-AADD-C6A4F68D897A}.Debug|Any CPU.ActiveCfg = Debug|Any CPU
		{95E7FDC2-5530-4DF2-AADD-C6A4F68D897A}.Debug|Any CPU.Build.0 = Debug|Any CPU
		{95E7FDC2-5530-4DF2-AADD-C6A4F68D897A}.Release|Any CPU.ActiveCfg = Release|Any CPU
		{95E7FDC2-5530-4DF2-AADD-C6A4F68D897A}.Release|Any CPU.Build.0 = Release|Any CPU
	EndGlobalSection
	GlobalSection(SolutionProperties) = preSolution
		HideSolutionNode = FALSE
	EndGlobalSection
EndGlobal
